// !$*UTF8*$!
{
	archiveVersion = 1;
	classes = {
	};
	objectVersion = 56;
	objects = {

/* Begin PBXBuildFile section */
		DE34F4B62A8E5ACC007A854F /* RecommandCollectionViewCell.swift in Sources */ = {isa = PBXBuildFile; fileRef = DE34F4B42A8E5ACC007A854F /* RecommandCollectionViewCell.swift */; };
		DE34F4B72A8E5ACC007A854F /* RecommandCollectionViewCell.xib in Resources */ = {isa = PBXBuildFile; fileRef = DE34F4B52A8E5ACC007A854F /* RecommandCollectionViewCell.xib */; };
		DEA64B492A8772C300C164BE /* AppDelegate.swift in Sources */ = {isa = PBXBuildFile; fileRef = DEA64B482A8772C300C164BE /* AppDelegate.swift */; };
		DEA64B4B2A8772C300C164BE /* SceneDelegate.swift in Sources */ = {isa = PBXBuildFile; fileRef = DEA64B4A2A8772C300C164BE /* SceneDelegate.swift */; };
		DEA64B4D2A8772C300C164BE /* MovieViewController.swift in Sources */ = {isa = PBXBuildFile; fileRef = DEA64B4C2A8772C300C164BE /* MovieViewController.swift */; };
		DEA64B502A8772C300C164BE /* Main.storyboard in Resources */ = {isa = PBXBuildFile; fileRef = DEA64B4E2A8772C300C164BE /* Main.storyboard */; };
		DEA64B522A8772C300C164BE /* Assets.xcassets in Resources */ = {isa = PBXBuildFile; fileRef = DEA64B512A8772C300C164BE /* Assets.xcassets */; };
		DEA64B552A8772C300C164BE /* LaunchScreen.storyboard in Resources */ = {isa = PBXBuildFile; fileRef = DEA64B532A8772C300C164BE /* LaunchScreen.storyboard */; };
		DEA64B692A8784F100C164BE /* .gitignore in Resources */ = {isa = PBXBuildFile; fileRef = DEA64B682A8784F100C164BE /* .gitignore */; };
		DEA64B6C2A87851300C164BE /* APIKey.swift in Sources */ = {isa = PBXBuildFile; fileRef = DEA64B6B2A87851300C164BE /* APIKey.swift */; };
		DEA64B6E2A87876200C164BE /* MovieTableViewCell.swift in Sources */ = {isa = PBXBuildFile; fileRef = DEA64B6D2A87876200C164BE /* MovieTableViewCell.swift */; };
		DEA64B702A87899F00C164BE /* MovieTableViewCell.xib in Resources */ = {isa = PBXBuildFile; fileRef = DEA64B6F2A87899F00C164BE /* MovieTableViewCell.xib */; };
		DEA64B792A878D6100C164BE /* Movie.swift in Sources */ = {isa = PBXBuildFile; fileRef = DEA64B782A878D6100C164BE /* Movie.swift */; };
		DEA64B7C2A87917A00C164BE /* ReusableProtocols.swift in Sources */ = {isa = PBXBuildFile; fileRef = DEA64B7B2A87917A00C164BE /* ReusableProtocols.swift */; };
		DEA64B7F2A87B80900C164BE /* MovieCollectionViewCell.swift in Sources */ = {isa = PBXBuildFile; fileRef = DEA64B7D2A87B80900C164BE /* MovieCollectionViewCell.swift */; };
		DEA64B802A87B80900C164BE /* MovieCollectionViewCell.xib in Resources */ = {isa = PBXBuildFile; fileRef = DEA64B7E2A87B80900C164BE /* MovieCollectionViewCell.xib */; };
		DEA64B832A87CF4E00C164BE /* NetworkManager.swift in Sources */ = {isa = PBXBuildFile; fileRef = DEA64B822A87CF4E00C164BE /* NetworkManager.swift */; };
		DEA64B852A87D07500C164BE /* Endpoint.swift in Sources */ = {isa = PBXBuildFile; fileRef = DEA64B842A87D07500C164BE /* Endpoint.swift */; };
		DEA64B882A87D0E900C164BE /* URL+Extension.swift in Sources */ = {isa = PBXBuildFile; fileRef = DEA64B872A87D0E900C164BE /* URL+Extension.swift */; };
		DED12DD72A8B854A00849064 /* DetailViewController.swift in Sources */ = {isa = PBXBuildFile; fileRef = DED12DD62A8B854A00849064 /* DetailViewController.swift */; };
		DED12DD92A8B950400849064 /* MoveSceneProtocols.swift in Sources */ = {isa = PBXBuildFile; fileRef = DED12DD82A8B950400849064 /* MoveSceneProtocols.swift */; };
		DED12DDC2A8BDF8300849064 /* Kingfisher in Frameworks */ = {isa = PBXBuildFile; productRef = DED12DDB2A8BDF8300849064 /* Kingfisher */; };
		DED12DDF2A8BDF8E00849064 /* Alamofire in Frameworks */ = {isa = PBXBuildFile; productRef = DED12DDE2A8BDF8E00849064 /* Alamofire */; };
/* End PBXBuildFile section */

/* Begin PBXFileReference section */
		DE34F4B42A8E5ACC007A854F /* RecommandCollectionViewCell.swift */ = {isa = PBXFileReference; lastKnownFileType = sourcecode.swift; path = RecommandCollectionViewCell.swift; sourceTree = "<group>"; };
		DE34F4B52A8E5ACC007A854F /* RecommandCollectionViewCell.xib */ = {isa = PBXFileReference; lastKnownFileType = file.xib; path = RecommandCollectionViewCell.xib; sourceTree = "<group>"; };
		DEA64B452A8772C200C164BE /* TMDBProject.app */ = {isa = PBXFileReference; explicitFileType = wrapper.application; includeInIndex = 0; path = TMDBProject.app; sourceTree = BUILT_PRODUCTS_DIR; };
		DEA64B482A8772C300C164BE /* AppDelegate.swift */ = {isa = PBXFileReference; lastKnownFileType = sourcecode.swift; path = AppDelegate.swift; sourceTree = "<group>"; };
		DEA64B4A2A8772C300C164BE /* SceneDelegate.swift */ = {isa = PBXFileReference; lastKnownFileType = sourcecode.swift; path = SceneDelegate.swift; sourceTree = "<group>"; };
		DEA64B4C2A8772C300C164BE /* MovieViewController.swift */ = {isa = PBXFileReference; lastKnownFileType = sourcecode.swift; path = MovieViewController.swift; sourceTree = "<group>"; };
		DEA64B4F2A8772C300C164BE /* Base */ = {isa = PBXFileReference; lastKnownFileType = file.storyboard; name = Base; path = Base.lproj/Main.storyboard; sourceTree = "<group>"; };
		DEA64B512A8772C300C164BE /* Assets.xcassets */ = {isa = PBXFileReference; lastKnownFileType = folder.assetcatalog; path = Assets.xcassets; sourceTree = "<group>"; };
		DEA64B542A8772C300C164BE /* Base */ = {isa = PBXFileReference; lastKnownFileType = file.storyboard; name = Base; path = Base.lproj/LaunchScreen.storyboard; sourceTree = "<group>"; };
		DEA64B562A8772C300C164BE /* Info.plist */ = {isa = PBXFileReference; lastKnownFileType = text.plist.xml; path = Info.plist; sourceTree = "<group>"; };
		DEA64B682A8784F100C164BE /* .gitignore */ = {isa = PBXFileReference; lastKnownFileType = text; path = .gitignore; sourceTree = "<group>"; };
		DEA64B6B2A87851300C164BE /* APIKey.swift */ = {isa = PBXFileReference; lastKnownFileType = sourcecode.swift; path = APIKey.swift; sourceTree = "<group>"; };
		DEA64B6D2A87876200C164BE /* MovieTableViewCell.swift */ = {isa = PBXFileReference; lastKnownFileType = sourcecode.swift; path = MovieTableViewCell.swift; sourceTree = "<group>"; };
		DEA64B6F2A87899F00C164BE /* MovieTableViewCell.xib */ = {isa = PBXFileReference; lastKnownFileType = file.xib; path = MovieTableViewCell.xib; sourceTree = "<group>"; };
		DEA64B782A878D6100C164BE /* Movie.swift */ = {isa = PBXFileReference; lastKnownFileType = sourcecode.swift; path = Movie.swift; sourceTree = "<group>"; };
		DEA64B7B2A87917A00C164BE /* ReusableProtocols.swift */ = {isa = PBXFileReference; lastKnownFileType = sourcecode.swift; path = ReusableProtocols.swift; sourceTree = "<group>"; };
		DEA64B7D2A87B80900C164BE /* MovieCollectionViewCell.swift */ = {isa = PBXFileReference; lastKnownFileType = sourcecode.swift; path = MovieCollectionViewCell.swift; sourceTree = "<group>"; };
		DEA64B7E2A87B80900C164BE /* MovieCollectionViewCell.xib */ = {isa = PBXFileReference; lastKnownFileType = file.xib; path = MovieCollectionViewCell.xib; sourceTree = "<group>"; };
		DEA64B822A87CF4E00C164BE /* NetworkManager.swift */ = {isa = PBXFileReference; lastKnownFileType = sourcecode.swift; path = NetworkManager.swift; sourceTree = "<group>"; };
		DEA64B842A87D07500C164BE /* Endpoint.swift */ = {isa = PBXFileReference; lastKnownFileType = sourcecode.swift; path = Endpoint.swift; sourceTree = "<group>"; };
		DEA64B872A87D0E900C164BE /* URL+Extension.swift */ = {isa = PBXFileReference; lastKnownFileType = sourcecode.swift; path = "URL+Extension.swift"; sourceTree = "<group>"; };
		DED12DD62A8B854A00849064 /* DetailViewController.swift */ = {isa = PBXFileReference; lastKnownFileType = sourcecode.swift; path = DetailViewController.swift; sourceTree = "<group>"; };
		DED12DD82A8B950400849064 /* MoveSceneProtocols.swift */ = {isa = PBXFileReference; lastKnownFileType = sourcecode.swift; path = MoveSceneProtocols.swift; sourceTree = "<group>"; };
/* End PBXFileReference section */

/* Begin PBXFrameworksBuildPhase section */
		DEA64B422A8772C200C164BE /* Frameworks */ = {
			isa = PBXFrameworksBuildPhase;
			buildActionMask = 2147483647;
			files = (
				DED12DDF2A8BDF8E00849064 /* Alamofire in Frameworks */,
				DED12DDC2A8BDF8300849064 /* Kingfisher in Frameworks */,
			);
			runOnlyForDeploymentPostprocessing = 0;
		};
/* End PBXFrameworksBuildPhase section */

/* Begin PBXGroup section */
		DEA64B3C2A8772C200C164BE = {
			isa = PBXGroup;
			children = (
				DEA64B472A8772C300C164BE /* TMDBProject */,
				DEA64B462A8772C200C164BE /* Products */,
			);
			sourceTree = "<group>";
		};
		DEA64B462A8772C200C164BE /* Products */ = {
			isa = PBXGroup;
			children = (
				DEA64B452A8772C200C164BE /* TMDBProject.app */,
			);
			name = Products;
			sourceTree = "<group>";
		};
		DEA64B472A8772C300C164BE /* TMDBProject */ = {
			isa = PBXGroup;
			children = (
				DEA64B482A8772C300C164BE /* AppDelegate.swift */,
				DEA64B4A2A8772C300C164BE /* SceneDelegate.swift */,
				DEA64B6A2A8784FF00C164BE /* Security */,
				DEA64B862A87D0D700C164BE /* Extension */,
				DEA64B7A2A87916400C164BE /* Protocols */,
				DEA64B812A87CF3600C164BE /* Network */,
				DEA64B672A87730800C164BE /* Models */,
				DEA64B652A8772F600C164BE /* View */,
				DEA64B662A8772FC00C164BE /* Controllers */,
				DEA64B512A8772C300C164BE /* Assets.xcassets */,
				DEA64B532A8772C300C164BE /* LaunchScreen.storyboard */,
				DEA64B562A8772C300C164BE /* Info.plist */,
				DEA64B682A8784F100C164BE /* .gitignore */,
			);
			path = TMDBProject;
			sourceTree = "<group>";
		};
		DEA64B652A8772F600C164BE /* View */ = {
			isa = PBXGroup;
			children = (
				DEA64B4E2A8772C300C164BE /* Main.storyboard */,
				DEA64B6D2A87876200C164BE /* MovieTableViewCell.swift */,
				DEA64B6F2A87899F00C164BE /* MovieTableViewCell.xib */,
				DEA64B7D2A87B80900C164BE /* MovieCollectionViewCell.swift */,
				DEA64B7E2A87B80900C164BE /* MovieCollectionViewCell.xib */,
				DE34F4B42A8E5ACC007A854F /* RecommandCollectionViewCell.swift */,
				DE34F4B52A8E5ACC007A854F /* RecommandCollectionViewCell.xib */,
			);
			path = View;
			sourceTree = "<group>";
		};
		DEA64B662A8772FC00C164BE /* Controllers */ = {
			isa = PBXGroup;
			children = (
				DEA64B4C2A8772C300C164BE /* MovieViewController.swift */,
				DED12DD62A8B854A00849064 /* DetailViewController.swift */,
			);
			path = Controllers;
			sourceTree = "<group>";
		};
		DEA64B672A87730800C164BE /* Models */ = {
			isa = PBXGroup;
			children = (
				DEA64B782A878D6100C164BE /* Movie.swift */,
			);
			path = Models;
			sourceTree = "<group>";
		};
		DEA64B6A2A8784FF00C164BE /* Security */ = {
			isa = PBXGroup;
			children = (
				DEA64B6B2A87851300C164BE /* APIKey.swift */,
			);
			path = Security;
			sourceTree = "<group>";
		};
		DEA64B7A2A87916400C164BE /* Protocols */ = {
			isa = PBXGroup;
			children = (
				DEA64B7B2A87917A00C164BE /* ReusableProtocols.swift */,
				DED12DD82A8B950400849064 /* MoveSceneProtocols.swift */,
			);
			path = Protocols;
			sourceTree = "<group>";
		};
		DEA64B812A87CF3600C164BE /* Network */ = {
			isa = PBXGroup;
			children = (
				DEA64B822A87CF4E00C164BE /* NetworkManager.swift */,
				DEA64B842A87D07500C164BE /* Endpoint.swift */,
			);
			path = Network;
			sourceTree = "<group>";
		};
		DEA64B862A87D0D700C164BE /* Extension */ = {
			isa = PBXGroup;
			children = (
				DEA64B872A87D0E900C164BE /* URL+Extension.swift */,
			);
			path = Extension;
			sourceTree = "<group>";
		};
/* End PBXGroup section */

/* Begin PBXNativeTarget section */
		DEA64B442A8772C200C164BE /* TMDBProject */ = {
			isa = PBXNativeTarget;
			buildConfigurationList = DEA64B592A8772C300C164BE /* Build configuration list for PBXNativeTarget "TMDBProject" */;
			buildPhases = (
				DEA64B412A8772C200C164BE /* Sources */,
				DEA64B422A8772C200C164BE /* Frameworks */,
				DEA64B432A8772C200C164BE /* Resources */,
			);
			buildRules = (
			);
			dependencies = (
			);
			name = TMDBProject;
			packageProductDependencies = (
				DED12DDB2A8BDF8300849064 /* Kingfisher */,
				DED12DDE2A8BDF8E00849064 /* Alamofire */,
			);
			productName = TMDBProject;
			productReference = DEA64B452A8772C200C164BE /* TMDBProject.app */;
			productType = "com.apple.product-type.application";
		};
/* End PBXNativeTarget section */

/* Begin PBXProject section */
		DEA64B3D2A8772C200C164BE /* Project object */ = {
			isa = PBXProject;
			attributes = {
				BuildIndependentTargetsInParallel = 1;
				LastSwiftUpdateCheck = 1430;
				LastUpgradeCheck = 1430;
				TargetAttributes = {
					DEA64B442A8772C200C164BE = {
						CreatedOnToolsVersion = 14.3.1;
					};
				};
			};
			buildConfigurationList = DEA64B402A8772C200C164BE /* Build configuration list for PBXProject "TMDBProject" */;
			compatibilityVersion = "Xcode 14.0";
			developmentRegion = en;
			hasScannedForEncodings = 0;
			knownRegions = (
				en,
				Base,
			);
			mainGroup = DEA64B3C2A8772C200C164BE;
			packageReferences = (
				DED12DDA2A8BDF8300849064 /* XCRemoteSwiftPackageReference "Kingfisher" */,
				DED12DDD2A8BDF8E00849064 /* XCRemoteSwiftPackageReference "Alamofire" */,
			);
			productRefGroup = DEA64B462A8772C200C164BE /* Products */;
			projectDirPath = "";
			projectRoot = "";
			targets = (
				DEA64B442A8772C200C164BE /* TMDBProject */,
			);
		};
/* End PBXProject section */

/* Begin PBXResourcesBuildPhase section */
		DEA64B432A8772C200C164BE /* Resources */ = {
			isa = PBXResourcesBuildPhase;
			buildActionMask = 2147483647;
			files = (
				DEA64B692A8784F100C164BE /* .gitignore in Resources */,
				DEA64B702A87899F00C164BE /* MovieTableViewCell.xib in Resources */,
				DE34F4B72A8E5ACC007A854F /* RecommandCollectionViewCell.xib in Resources */,
				DEA64B552A8772C300C164BE /* LaunchScreen.storyboard in Resources */,
				DEA64B522A8772C300C164BE /* Assets.xcassets in Resources */,
				DEA64B502A8772C300C164BE /* Main.storyboard in Resources */,
				DEA64B802A87B80900C164BE /* MovieCollectionViewCell.xib in Resources */,
			);
			runOnlyForDeploymentPostprocessing = 0;
		};
/* End PBXResourcesBuildPhase section */

/* Begin PBXSourcesBuildPhase section */
		DEA64B412A8772C200C164BE /* Sources */ = {
			isa = PBXSourcesBuildPhase;
			buildActionMask = 2147483647;
			files = (
				DEA64B882A87D0E900C164BE /* URL+Extension.swift in Sources */,
				DEA64B6E2A87876200C164BE /* MovieTableViewCell.swift in Sources */,
				DEA64B832A87CF4E00C164BE /* NetworkManager.swift in Sources */,
				DED12DD72A8B854A00849064 /* DetailViewController.swift in Sources */,
				DED12DD92A8B950400849064 /* MoveSceneProtocols.swift in Sources */,
				DE34F4B62A8E5ACC007A854F /* RecommandCollectionViewCell.swift in Sources */,
				DEA64B4D2A8772C300C164BE /* MovieViewController.swift in Sources */,
				DEA64B7C2A87917A00C164BE /* ReusableProtocols.swift in Sources */,
				DEA64B492A8772C300C164BE /* AppDelegate.swift in Sources */,
				DEA64B6C2A87851300C164BE /* APIKey.swift in Sources */,
				DEA64B7F2A87B80900C164BE /* MovieCollectionViewCell.swift in Sources */,
				DEA64B792A878D6100C164BE /* Movie.swift in Sources */,
				DEA64B852A87D07500C164BE /* Endpoint.swift in Sources */,
				DEA64B4B2A8772C300C164BE /* SceneDelegate.swift in Sources */,
			);
			runOnlyForDeploymentPostprocessing = 0;
		};
/* End PBXSourcesBuildPhase section */

/* Begin PBXVariantGroup section */
		DEA64B4E2A8772C300C164BE /* Main.storyboard */ = {
			isa = PBXVariantGroup;
			children = (
				DEA64B4F2A8772C300C164BE /* Base */,
			);
			name = Main.storyboard;
			sourceTree = "<group>";
		};
		DEA64B532A8772C300C164BE /* LaunchScreen.storyboard */ = {
			isa = PBXVariantGroup;
			children = (
				DEA64B542A8772C300C164BE /* Base */,
			);
			name = LaunchScreen.storyboard;
			sourceTree = "<group>";
		};
/* End PBXVariantGroup section */

/* Begin XCBuildConfiguration section */
		DEA64B572A8772C300C164BE /* Debug */ = {
			isa = XCBuildConfiguration;
			buildSettings = {
				ALWAYS_SEARCH_USER_PATHS = NO;
				CLANG_ANALYZER_NONNULL = YES;
				CLANG_ANALYZER_NUMBER_OBJECT_CONVERSION = YES_AGGRESSIVE;
				CLANG_CXX_LANGUAGE_STANDARD = "gnu++20";
				CLANG_ENABLE_MODULES = YES;
				CLANG_ENABLE_OBJC_ARC = YES;
				CLANG_ENABLE_OBJC_WEAK = YES;
				CLANG_WARN_BLOCK_CAPTURE_AUTORELEASING = YES;
				CLANG_WARN_BOOL_CONVERSION = YES;
				CLANG_WARN_COMMA = YES;
				CLANG_WARN_CONSTANT_CONVERSION = YES;
				CLANG_WARN_DEPRECATED_OBJC_IMPLEMENTATIONS = YES;
				CLANG_WARN_DIRECT_OBJC_ISA_USAGE = YES_ERROR;
				CLANG_WARN_DOCUMENTATION_COMMENTS = YES;
				CLANG_WARN_EMPTY_BODY = YES;
				CLANG_WARN_ENUM_CONVERSION = YES;
				CLANG_WARN_INFINITE_RECURSION = YES;
				CLANG_WARN_INT_CONVERSION = YES;
				CLANG_WARN_NON_LITERAL_NULL_CONVERSION = YES;
				CLANG_WARN_OBJC_IMPLICIT_RETAIN_SELF = YES;
				CLANG_WARN_OBJC_LITERAL_CONVERSION = YES;
				CLANG_WARN_OBJC_ROOT_CLASS = YES_ERROR;
				CLANG_WARN_QUOTED_INCLUDE_IN_FRAMEWORK_HEADER = YES;
				CLANG_WARN_RANGE_LOOP_ANALYSIS = YES;
				CLANG_WARN_STRICT_PROTOTYPES = YES;
				CLANG_WARN_SUSPICIOUS_MOVE = YES;
				CLANG_WARN_UNGUARDED_AVAILABILITY = YES_AGGRESSIVE;
				CLANG_WARN_UNREACHABLE_CODE = YES;
				CLANG_WARN__DUPLICATE_METHOD_MATCH = YES;
				COPY_PHASE_STRIP = NO;
				DEBUG_INFORMATION_FORMAT = dwarf;
				ENABLE_STRICT_OBJC_MSGSEND = YES;
				ENABLE_TESTABILITY = YES;
				GCC_C_LANGUAGE_STANDARD = gnu11;
				GCC_DYNAMIC_NO_PIC = NO;
				GCC_NO_COMMON_BLOCKS = YES;
				GCC_OPTIMIZATION_LEVEL = 0;
				GCC_PREPROCESSOR_DEFINITIONS = (
					"DEBUG=1",
					"$(inherited)",
				);
				GCC_WARN_64_TO_32_BIT_CONVERSION = YES;
				GCC_WARN_ABOUT_RETURN_TYPE = YES_ERROR;
				GCC_WARN_UNDECLARED_SELECTOR = YES;
				GCC_WARN_UNINITIALIZED_AUTOS = YES_AGGRESSIVE;
				GCC_WARN_UNUSED_FUNCTION = YES;
				GCC_WARN_UNUSED_VARIABLE = YES;
				IPHONEOS_DEPLOYMENT_TARGET = 16.4;
				MTL_ENABLE_DEBUG_INFO = INCLUDE_SOURCE;
				MTL_FAST_MATH = YES;
				ONLY_ACTIVE_ARCH = YES;
				SDKROOT = iphoneos;
				SWIFT_ACTIVE_COMPILATION_CONDITIONS = DEBUG;
				SWIFT_OPTIMIZATION_LEVEL = "-Onone";
			};
			name = Debug;
		};
		DEA64B582A8772C300C164BE /* Release */ = {
			isa = XCBuildConfiguration;
			buildSettings = {
				ALWAYS_SEARCH_USER_PATHS = NO;
				CLANG_ANALYZER_NONNULL = YES;
				CLANG_ANALYZER_NUMBER_OBJECT_CONVERSION = YES_AGGRESSIVE;
				CLANG_CXX_LANGUAGE_STANDARD = "gnu++20";
				CLANG_ENABLE_MODULES = YES;
				CLANG_ENABLE_OBJC_ARC = YES;
				CLANG_ENABLE_OBJC_WEAK = YES;
				CLANG_WARN_BLOCK_CAPTURE_AUTORELEASING = YES;
				CLANG_WARN_BOOL_CONVERSION = YES;
				CLANG_WARN_COMMA = YES;
				CLANG_WARN_CONSTANT_CONVERSION = YES;
				CLANG_WARN_DEPRECATED_OBJC_IMPLEMENTATIONS = YES;
				CLANG_WARN_DIRECT_OBJC_ISA_USAGE = YES_ERROR;
				CLANG_WARN_DOCUMENTATION_COMMENTS = YES;
				CLANG_WARN_EMPTY_BODY = YES;
				CLANG_WARN_ENUM_CONVERSION = YES;
				CLANG_WARN_INFINITE_RECURSION = YES;
				CLANG_WARN_INT_CONVERSION = YES;
				CLANG_WARN_NON_LITERAL_NULL_CONVERSION = YES;
				CLANG_WARN_OBJC_IMPLICIT_RETAIN_SELF = YES;
				CLANG_WARN_OBJC_LITERAL_CONVERSION = YES;
				CLANG_WARN_OBJC_ROOT_CLASS = YES_ERROR;
				CLANG_WARN_QUOTED_INCLUDE_IN_FRAMEWORK_HEADER = YES;
				CLANG_WARN_RANGE_LOOP_ANALYSIS = YES;
				CLANG_WARN_STRICT_PROTOTYPES = YES;
				CLANG_WARN_SUSPICIOUS_MOVE = YES;
				CLANG_WARN_UNGUARDED_AVAILABILITY = YES_AGGRESSIVE;
				CLANG_WARN_UNREACHABLE_CODE = YES;
				CLANG_WARN__DUPLICATE_METHOD_MATCH = YES;
				COPY_PHASE_STRIP = NO;
				DEBUG_INFORMATION_FORMAT = "dwarf-with-dsym";
				ENABLE_NS_ASSERTIONS = NO;
				ENABLE_STRICT_OBJC_MSGSEND = YES;
				GCC_C_LANGUAGE_STANDARD = gnu11;
				GCC_NO_COMMON_BLOCKS = YES;
				GCC_WARN_64_TO_32_BIT_CONVERSION = YES;
				GCC_WARN_ABOUT_RETURN_TYPE = YES_ERROR;
				GCC_WARN_UNDECLARED_SELECTOR = YES;
				GCC_WARN_UNINITIALIZED_AUTOS = YES_AGGRESSIVE;
				GCC_WARN_UNUSED_FUNCTION = YES;
				GCC_WARN_UNUSED_VARIABLE = YES;
				IPHONEOS_DEPLOYMENT_TARGET = 16.4;
				MTL_ENABLE_DEBUG_INFO = NO;
				MTL_FAST_MATH = YES;
				SDKROOT = iphoneos;
				SWIFT_COMPILATION_MODE = wholemodule;
				SWIFT_OPTIMIZATION_LEVEL = "-O";
				VALIDATE_PRODUCT = YES;
			};
			name = Release;
		};
		DEA64B5A2A8772C300C164BE /* Debug */ = {
			isa = XCBuildConfiguration;
			buildSettings = {
				ASSETCATALOG_COMPILER_APPICON_NAME = AppIcon;
				ASSETCATALOG_COMPILER_GLOBAL_ACCENT_COLOR_NAME = AccentColor;
				CODE_SIGN_STYLE = Automatic;
				CURRENT_PROJECT_VERSION = 1;
				DEVELOPMENT_TEAM = R5RPU2QP33;
				GENERATE_INFOPLIST_FILE = YES;
				INFOPLIST_FILE = TMDBProject/Info.plist;
				INFOPLIST_KEY_UIApplicationSupportsIndirectInputEvents = YES;
				INFOPLIST_KEY_UILaunchStoryboardName = LaunchScreen;
				INFOPLIST_KEY_UIMainStoryboardFile = Main;
				INFOPLIST_KEY_UISupportedInterfaceOrientations = UIInterfaceOrientationPortrait;
				INFOPLIST_KEY_UISupportedInterfaceOrientations_iPad = "UIInterfaceOrientationLandscapeLeft UIInterfaceOrientationLandscapeRight UIInterfaceOrientationPortrait UIInterfaceOrientationPortraitUpsideDown";
				IPHONEOS_DEPLOYMENT_TARGET = 16.0;
				LD_RUNPATH_SEARCH_PATHS = (
					"$(inherited)",
					"@executable_path/Frameworks",
				);
				MARKETING_VERSION = 1.0;
				PRODUCT_BUNDLE_IDENTIFIER = unicus.fortis.TMDBProject;
				PRODUCT_NAME = "$(TARGET_NAME)";
				SUPPORTED_PLATFORMS = "iphoneos iphonesimulator";
				SUPPORTS_MACCATALYST = NO;
				SUPPORTS_MAC_DESIGNED_FOR_IPHONE_IPAD = NO;
				SWIFT_EMIT_LOC_STRINGS = YES;
				SWIFT_VERSION = 5.0;
				TARGETED_DEVICE_FAMILY = 1;
			};
			name = Debug;
		};
		DEA64B5B2A8772C300C164BE /* Release */ = {
			isa = XCBuildConfiguration;
			buildSettings = {
				ASSETCATALOG_COMPILER_APPICON_NAME = AppIcon;
				ASSETCATALOG_COMPILER_GLOBAL_ACCENT_COLOR_NAME = AccentColor;
				CODE_SIGN_STYLE = Automatic;
				CURRENT_PROJECT_VERSION = 1;
				DEVELOPMENT_TEAM = R5RPU2QP33;
				GENERATE_INFOPLIST_FILE = YES;
				INFOPLIST_FILE = TMDBProject/Info.plist;
				INFOPLIST_KEY_UIApplicationSupportsIndirectInputEvents = YES;
				INFOPLIST_KEY_UILaunchStoryboardName = LaunchScreen;
				INFOPLIST_KEY_UIMainStoryboardFile = Main;
				INFOPLIST_KEY_UISupportedInterfaceOrientations = UIInterfaceOrientationPortrait;
				INFOPLIST_KEY_UISupportedInterfaceOrientations_iPad = "UIInterfaceOrientationLandscapeLeft UIInterfaceOrientationLandscapeRight UIInterfaceOrientationPortrait UIInterfaceOrientationPortraitUpsideDown";
				IPHONEOS_DEPLOYMENT_TARGET = 16.0;
				LD_RUNPATH_SEARCH_PATHS = (
					"$(inherited)",
					"@executable_path/Frameworks",
				);
				MARKETING_VERSION = 1.0;
				PRODUCT_BUNDLE_IDENTIFIER = unicus.fortis.TMDBProject;
				PRODUCT_NAME = "$(TARGET_NAME)";
				SUPPORTED_PLATFORMS = "iphoneos iphonesimulator";
				SUPPORTS_MACCATALYST = NO;
				SUPPORTS_MAC_DESIGNED_FOR_IPHONE_IPAD = NO;
				SWIFT_EMIT_LOC_STRINGS = YES;
				SWIFT_VERSION = 5.0;
				TARGETED_DEVICE_FAMILY = 1;
			};
			name = Release;
		};
/* End XCBuildConfiguration section */

/* Begin XCConfigurationList section */
		DEA64B402A8772C200C164BE /* Build configuration list for PBXProject "TMDBProject" */ = {
			isa = XCConfigurationList;
			buildConfigurations = (
				DEA64B572A8772C300C164BE /* Debug */,
				DEA64B582A8772C300C164BE /* Release */,
			);
			defaultConfigurationIsVisible = 0;
			defaultConfigurationName = Release;
		};
		DEA64B592A8772C300C164BE /* Build configuration list for PBXNativeTarget "TMDBProject" */ = {
			isa = XCConfigurationList;
			buildConfigurations = (
				DEA64B5A2A8772C300C164BE /* Debug */,
				DEA64B5B2A8772C300C164BE /* Release */,
			);
			defaultConfigurationIsVisible = 0;
			defaultConfigurationName = Release;
		};
/* End XCConfigurationList section */

/* Begin XCRemoteSwiftPackageReference section */
		DED12DDA2A8BDF8300849064 /* XCRemoteSwiftPackageReference "Kingfisher" */ = {
			isa = XCRemoteSwiftPackageReference;
			repositoryURL = "https://github.com/onevcat/Kingfisher.git";
			requirement = {
				kind = upToNextMajorVersion;
				minimumVersion = 7.0.0;
			};
		};
		DED12DDD2A8BDF8E00849064 /* XCRemoteSwiftPackageReference "Alamofire" */ = {
			isa = XCRemoteSwiftPackageReference;
			repositoryURL = "https://github.com/Alamofire/Alamofire";
			requirement = {
				kind = upToNextMajorVersion;
				minimumVersion = 5.0.0;
			};
		};
/* End XCRemoteSwiftPackageReference section */

/* Begin XCSwiftPackageProductDependency section */
		DED12DDB2A8BDF8300849064 /* Kingfisher */ = {
			isa = XCSwiftPackageProductDependency;
			package = DED12DDA2A8BDF8300849064 /* XCRemoteSwiftPackageReference "Kingfisher" */;
			productName = Kingfisher;
		};
		DED12DDE2A8BDF8E00849064 /* Alamofire */ = {
			isa = XCSwiftPackageProductDependency;
			package = DED12DDD2A8BDF8E00849064 /* XCRemoteSwiftPackageReference "Alamofire" */;
			productName = Alamofire;
		};
/* End XCSwiftPackageProductDependency section */
	};
	rootObject = DEA64B3D2A8772C200C164BE /* Project object */;
}
